Microsoft Visual Studio Solution File, Format Version 12.00
# Visual Studio 2012
Project("{FAE04EC0-301F-11D3-BF4B-00C04F79EFBC}") = "BaseBuilding", "BaseBuilding.csproj", "{6428229F-8B33-4816-99CA-C6598E7BEE01}"
EndProject
Global
	GlobalSection(SolutionConfigurationPlatforms) = preSolution
	Debug|Any CPU = Debug|Any CPU
	ExportDebug|Any CPU = ExportDebug|Any CPU
	ExportRelease|Any CPU = ExportRelease|Any CPU
		Profile|Any CPU = Profile|Any CPU
	EndGlobalSection
	GlobalSection(ProjectConfigurationPlatforms) = postSolution
		{6428229F-8B33-4816-99CA-C6598E7BEE01}.Debug|Any CPU.ActiveCfg = Debug|Any CPU
		{6428229F-8B33-4816-99CA-C6598E7BEE01}.Debug|Any CPU.Build.0 = Debug|Any CPU
		{6428229F-8B33-4816-99CA-C6598E7BEE01}.ExportDebug|Any CPU.ActiveCfg = ExportDebug|Any CPU
		{6428229F-8B33-4816-99CA-C6598E7BEE01}.ExportDebug|Any CPU.Build.0 = ExportDebug|Any CPU
		{6428229F-8B33-4816-99CA-C6598E7BEE01}.ExportRelease|Any CPU.ActiveCfg = ExportRelease|Any CPU
		{6428229F-8B33-4816-99CA-C6598E7BEE01}.ExportRelease|Any CPU.Build.0 = ExportRelease|Any CPU
		{6428229F-8B33-4816-99CA-C6598E7BEE01}.Profile|Any CPU.ActiveCfg = Profile|Any CPU
		{6428229F-8B33-4816-99CA-C6598E7BEE01}.Profile|Any CPU.Build.0 = Profile|Any CPU
	EndGlobalSection
EndGlobal
